
Microsoft Visual Studio Solution File, Format Version 12.00
# Visual Studio Version 17
VisualStudioVersion = 17.1.32319.34
MinimumVisualStudioVersion = 10.0.40219.1
Project("{FAE04EC0-301F-11D3-BF4B-00C04F79EFBC}") = "plugin_talestune", "plugin_talestune\plugin_talestune.csproj", "{3E40F122-3B75-495D-9F5C-44D78D49E431}"
EndProject
Global
	GlobalSection(SolutionConfigurationPlatforms) = preSolution
		Debug|Any CPU = Debug|Any CPU
		Release|Any CPU = Release|Any CPU
	EndGlobalSection
	GlobalSection(ProjectConfigurationPlatforms) = postSolution
		{3E40F122-3B75-495D-9F5C-44D78D49E431}.Debug|Any CPU.ActiveCfg = Debug|Any CPU
		{3E40F122-3B75-495D-9F5C-44D78D49E431}.Debug|Any CPU.Build.0 = Debug|Any CPU
		{3E40F122-3B75-495D-9F5C-44D78D49E431}.Release|Any CPU.ActiveCfg = Release|Any CPU
		{3E40F122-3B75-495D-9F5C-44D78D49E431}.Release|Any CPU.Build.0 = Release|Any CPU
	EndGlobalSection
	GlobalSection(SolutionProperties) = preSolution
		HideSolutionNode = FALSE
	EndGlobalSection
	GlobalSection(ExtensibilityGlobals) = postSolution
		SolutionGuid = {BB9D3E98-7757-4310-A028-995BD2806A4F}
	EndGlobalSection
EndGlobal
